
Microsoft Visual Studio Solution File, Format Version 12.00
# Visual Studio Version 16
VisualStudioVersion = 16.0.31402.337
MinimumVisualStudioVersion = 10.0.40219.1
Project("{FAE04EC0-301F-11D3-BF4B-00C04F79EFBC}") = "AdventDayThree", "AdventDayThree.csproj", "{B0ECDFD8-EEA4-4819-86AB-A8DDDB5D6E24}"
EndProject
Global
	GlobalSection(SolutionConfigurationPlatforms) = preSolution
		Debug|Any CPU = Debug|Any CPU
		Release|Any CPU = Release|Any CPU
	EndGlobalSection
	GlobalSection(ProjectConfigurationPlatforms) = postSolution
		{B0ECDFD8-EEA4-4819-86AB-A8DDDB5D6E24}.Debug|Any CPU.ActiveCfg = Debug|Any CPU
		{B0ECDFD8-EEA4-4819-86AB-A8DDDB5D6E24}.Debug|Any CPU.Build.0 = Debug|Any CPU
		{B0ECDFD8-EEA4-4819-86AB-A8DDDB5D6E24}.Release|Any CPU.ActiveCfg = Release|Any CPU
		{B0ECDFD8-EEA4-4819-86AB-A8DDDB5D6E24}.Release|Any CPU.Build.0 = Release|Any CPU
	EndGlobalSection
	GlobalSection(SolutionProperties) = preSolution
		HideSolutionNode = FALSE
	EndGlobalSection
	GlobalSection(ExtensibilityGlobals) = postSolution
		SolutionGuid = {6A837B69-49EC-40B3-AAC4-0C0883910223}
	EndGlobalSection
EndGlobal
